
Microsoft Visual Studio Solution File, Format Version 12.00
# Visual Studio Version 17
VisualStudioVersion = 17.3.32929.385
MinimumVisualStudioVersion = 10.0.40219.1
Project("{FAE04EC0-301F-11D3-BF4B-00C04F79EFBC}") = "lesson 23", "lesson 23\lesson 23.csproj", "{E366ECC5-827A-4B5A-9687-0D1C5FA36695}"
EndProject
Global
	GlobalSection(SolutionConfigurationPlatforms) = preSolution
		Debug|Any CPU = Debug|Any CPU
		Release|Any CPU = Release|Any CPU
	EndGlobalSection
	GlobalSection(ProjectConfigurationPlatforms) = postSolution
		{E366ECC5-827A-4B5A-9687-0D1C5FA36695}.Debug|Any CPU.ActiveCfg = Debug|Any CPU
		{E366ECC5-827A-4B5A-9687-0D1C5FA36695}.Debug|Any CPU.Build.0 = Debug|Any CPU
		{E366ECC5-827A-4B5A-9687-0D1C5FA36695}.Release|Any CPU.ActiveCfg = Release|Any CPU
		{E366ECC5-827A-4B5A-9687-0D1C5FA36695}.Release|Any CPU.Build.0 = Release|Any CPU
	EndGlobalSection
	GlobalSection(SolutionProperties) = preSolution
		HideSolutionNode = FALSE
	EndGlobalSection
	GlobalSection(ExtensibilityGlobals) = postSolution
		SolutionGuid = {FC7B949D-9D8B-4DAB-917B-25ED8C4506BF}
	EndGlobalSection
EndGlobal
